
Microsoft Visual Studio Solution File, Format Version 12.00
# Visual Studio Version 16
VisualStudioVersion = 16.0.29403.142
MinimumVisualStudioVersion = 10.0.40219.1
Project("{FAE04EC0-301F-11D3-BF4B-00C04F79EFBC}") = "ConsoleApp1", "ConsoleApp1\ConsoleApp1.csproj", "{37A7C0EC-81FB-4832-8796-8ACB2E0C9B09}"
EndProject
Global
	GlobalSection(SolutionConfigurationPlatforms) = preSolution
		Debug|Any CPU = Debug|Any CPU
		Release|Any CPU = Release|Any CPU
	EndGlobalSection
	GlobalSection(ProjectConfigurationPlatforms) = postSolution
		{37A7C0EC-81FB-4832-8796-8ACB2E0C9B09}.Debug|Any CPU.ActiveCfg = Debug|Any CPU
		{37A7C0EC-81FB-4832-8796-8ACB2E0C9B09}.Debug|Any CPU.Build.0 = Debug|Any CPU
		{37A7C0EC-81FB-4832-8796-8ACB2E0C9B09}.Release|Any CPU.ActiveCfg = Release|Any CPU
		{37A7C0EC-81FB-4832-8796-8ACB2E0C9B09}.Release|Any CPU.Build.0 = Release|Any CPU
	EndGlobalSection
	GlobalSection(SolutionProperties) = preSolution
		HideSolutionNode = FALSE
	EndGlobalSection
	GlobalSection(ExtensibilityGlobals) = postSolution
		SolutionGuid = {0590517F-DB41-4DC9-AA8C-904196343EF8}
	EndGlobalSection
EndGlobal
